
Microsoft Visual Studio Solution File, Format Version 12.00
# Visual Studio Version 17
VisualStudioVersion = 17.3.32819.101
MinimumVisualStudioVersion = 10.0.40219.1
Project("{FAE04EC0-301F-11D3-BF4B-00C04F79EFBC}") = "responsiLetta", "responsiLetta\responsiLetta.csproj", "{3C0A51D9-976D-442B-86B4-C53C755CDA4B}"
EndProject
Global
	GlobalSection(SolutionConfigurationPlatforms) = preSolution
		Debug|Any CPU = Debug|Any CPU
		Release|Any CPU = Release|Any CPU
	EndGlobalSection
	GlobalSection(ProjectConfigurationPlatforms) = postSolution
		{3C0A51D9-976D-442B-86B4-C53C755CDA4B}.Debug|Any CPU.ActiveCfg = Debug|Any CPU
		{3C0A51D9-976D-442B-86B4-C53C755CDA4B}.Debug|Any CPU.Build.0 = Debug|Any CPU
		{3C0A51D9-976D-442B-86B4-C53C755CDA4B}.Release|Any CPU.ActiveCfg = Release|Any CPU
		{3C0A51D9-976D-442B-86B4-C53C755CDA4B}.Release|Any CPU.Build.0 = Release|Any CPU
	EndGlobalSection
	GlobalSection(SolutionProperties) = preSolution
		HideSolutionNode = FALSE
	EndGlobalSection
	GlobalSection(ExtensibilityGlobals) = postSolution
		SolutionGuid = {861380FE-F3AA-481D-AF3B-0B47DD7DD1EF}
	EndGlobalSection
EndGlobal
